
Microsoft Visual Studio Solution File, Format Version 12.00
# Visual Studio Version 17
VisualStudioVersion = 17.3.32901.215
MinimumVisualStudioVersion = 10.0.40219.1
Project("{FAE04EC0-301F-11D3-BF4B-00C04F79EFBC}") = "EADCA3", "EADCA3.csproj", "{2CC5F198-03BE-4C75-A8E3-985AF50B03AB}"
EndProject
Global
	GlobalSection(SolutionConfigurationPlatforms) = preSolution
		Debug|Any CPU = Debug|Any CPU
		Release|Any CPU = Release|Any CPU
	EndGlobalSection
	GlobalSection(ProjectConfigurationPlatforms) = postSolution
		{2CC5F198-03BE-4C75-A8E3-985AF50B03AB}.Debug|Any CPU.ActiveCfg = Debug|Any CPU
		{2CC5F198-03BE-4C75-A8E3-985AF50B03AB}.Debug|Any CPU.Build.0 = Debug|Any CPU
		{2CC5F198-03BE-4C75-A8E3-985AF50B03AB}.Release|Any CPU.ActiveCfg = Release|Any CPU
		{2CC5F198-03BE-4C75-A8E3-985AF50B03AB}.Release|Any CPU.Build.0 = Release|Any CPU
	EndGlobalSection
	GlobalSection(SolutionProperties) = preSolution
		HideSolutionNode = FALSE
	EndGlobalSection
	GlobalSection(ExtensibilityGlobals) = postSolution
		SolutionGuid = {CF7D54CA-B326-480C-B63F-A3A09B7CB055}
	EndGlobalSection
EndGlobal
